// !$*UTF8*$!
{
	archiveVersion = 1;
	classes = {
	};
	objectVersion = 48;
	objects = {

/* Begin PBXBuildFile section */
		1078E401B414940445CBE12C /* Pods_Mine.framework in Frameworks */ = {isa = PBXBuildFile; fileRef = DBF94D1C29BC0466EDD1E6D1 /* Pods_Mine.framework */; };
		CDA0DB5A206C001400195580 /* AppDelegate.swift in Sources */ = {isa = PBXBuildFile; fileRef = CDA0DB59206C001400195580 /* AppDelegate.swift */; };
		CDA0DB5C206C001400195580 /* ViewController.swift in Sources */ = {isa = PBXBuildFile; fileRef = CDA0DB5B206C001400195580 /* ViewController.swift */; };
		CDA0DB5F206C001400195580 /* Main.storyboard in Resources */ = {isa = PBXBuildFile; fileRef = CDA0DB5D206C001400195580 /* Main.storyboard */; };
		CDA0DB61206C001400195580 /* Assets.xcassets in Resources */ = {isa = PBXBuildFile; fileRef = CDA0DB60206C001400195580 /* Assets.xcassets */; };
		CDA0DB64206C001400195580 /* LaunchScreen.storyboard in Resources */ = {isa = PBXBuildFile; fileRef = CDA0DB62206C001400195580 /* LaunchScreen.storyboard */; };
		CDA0DDAE206C090100195580 /* DailyTask.swift in Sources */ = {isa = PBXBuildFile; fileRef = CDA0DDAD206C090100195580 /* DailyTask.swift */; };
		CDA0DDB1206C0EE100195580 /* TaskWorker.swift in Sources */ = {isa = PBXBuildFile; fileRef = CDA0DDB0206C0EE100195580 /* TaskWorker.swift */; };
		CDA0DDEE206C728500195580 /* MineTests.swift in Sources */ = {isa = PBXBuildFile; fileRef = CDA0DDED206C728500195580 /* MineTests.swift */; };
		CDA0DDF6206C729300195580 /* BaseSpec.swift in Sources */ = {isa = PBXBuildFile; fileRef = CDA0DDF5206C729300195580 /* BaseSpec.swift */; };
		CDA0DDF8206C733700195580 /* TodoSpec.swift in Sources */ = {isa = PBXBuildFile; fileRef = CDA0DDF7206C733700195580 /* TodoSpec.swift */; };
		CDA0DDFC206C73AF00195580 /* TaskWorker.swift in Sources */ = {isa = PBXBuildFile; fileRef = CDA0DDB0206C0EE100195580 /* TaskWorker.swift */; };
		CDA0DDFF206DC2D200195580 /* TodoTask.swift in Sources */ = {isa = PBXBuildFile; fileRef = CDA0DB6E206C024F00195580 /* TodoTask.swift */; };
		FFE388DC6102231590C939FF /* Pods_MineTests.framework in Frameworks */ = {isa = PBXBuildFile; fileRef = F604A95E1376C529D09FCF44 /* Pods_MineTests.framework */; };
/* End PBXBuildFile section */

/* Begin PBXContainerItemProxy section */
		CDA0DDF0206C728500195580 /* PBXContainerItemProxy */ = {
			isa = PBXContainerItemProxy;
			containerPortal = CDA0DB4E206C001400195580 /* Project object */;
			proxyType = 1;
			remoteGlobalIDString = CDA0DB55206C001400195580;
			remoteInfo = Mine;
		};
/* End PBXContainerItemProxy section */

/* Begin PBXFileReference section */
		04A613DA6523132B6F3F742F /* Pods-MineTests.debug.xcconfig */ = {isa = PBXFileReference; includeInIndex = 1; lastKnownFileType = text.xcconfig; name = "Pods-MineTests.debug.xcconfig"; path = "Pods/Target Support Files/Pods-MineTests/Pods-MineTests.debug.xcconfig"; sourceTree = "<group>"; };
		226EC949DECAADEA760B5016 /* Pods-Mine.release.xcconfig */ = {isa = PBXFileReference; includeInIndex = 1; lastKnownFileType = text.xcconfig; name = "Pods-Mine.release.xcconfig"; path = "Pods/Target Support Files/Pods-Mine/Pods-Mine.release.xcconfig"; sourceTree = "<group>"; };
		6D7912E0B270B7C995122CD9 /* Pods-Mine.debug.xcconfig */ = {isa = PBXFileReference; includeInIndex = 1; lastKnownFileType = text.xcconfig; name = "Pods-Mine.debug.xcconfig"; path = "Pods/Target Support Files/Pods-Mine/Pods-Mine.debug.xcconfig"; sourceTree = "<group>"; };
		CDA0DB56206C001400195580 /* Mine.app */ = {isa = PBXFileReference; explicitFileType = wrapper.application; includeInIndex = 0; path = Mine.app; sourceTree = BUILT_PRODUCTS_DIR; };
		CDA0DB59206C001400195580 /* AppDelegate.swift */ = {isa = PBXFileReference; lastKnownFileType = sourcecode.swift; path = AppDelegate.swift; sourceTree = "<group>"; };
		CDA0DB5B206C001400195580 /* ViewController.swift */ = {isa = PBXFileReference; lastKnownFileType = sourcecode.swift; path = ViewController.swift; sourceTree = "<group>"; };
		CDA0DB5E206C001400195580 /* Base */ = {isa = PBXFileReference; lastKnownFileType = file.storyboard; name = Base; path = Base.lproj/Main.storyboard; sourceTree = "<group>"; };
		CDA0DB60206C001400195580 /* Assets.xcassets */ = {isa = PBXFileReference; lastKnownFileType = folder.assetcatalog; path = Assets.xcassets; sourceTree = "<group>"; };
		CDA0DB63206C001400195580 /* Base */ = {isa = PBXFileReference; lastKnownFileType = file.storyboard; name = Base; path = Base.lproj/LaunchScreen.storyboard; sourceTree = "<group>"; };
		CDA0DB65206C001400195580 /* Info.plist */ = {isa = PBXFileReference; lastKnownFileType = text.plist.xml; path = Info.plist; sourceTree = "<group>"; };
		CDA0DB6E206C024F00195580 /* TodoTask.swift */ = {isa = PBXFileReference; lastKnownFileType = sourcecode.swift; path = TodoTask.swift; sourceTree = "<group>"; };
		CDA0DDAD206C090100195580 /* DailyTask.swift */ = {isa = PBXFileReference; lastKnownFileType = sourcecode.swift; path = DailyTask.swift; sourceTree = "<group>"; };
		CDA0DDB0206C0EE100195580 /* TaskWorker.swift */ = {isa = PBXFileReference; lastKnownFileType = sourcecode.swift; path = TaskWorker.swift; sourceTree = "<group>"; };
		CDA0DDEB206C728500195580 /* MineTests.xctest */ = {isa = PBXFileReference; explicitFileType = wrapper.cfbundle; includeInIndex = 0; path = MineTests.xctest; sourceTree = BUILT_PRODUCTS_DIR; };
		CDA0DDED206C728500195580 /* MineTests.swift */ = {isa = PBXFileReference; lastKnownFileType = sourcecode.swift; path = MineTests.swift; sourceTree = "<group>"; };
		CDA0DDEF206C728500195580 /* Info.plist */ = {isa = PBXFileReference; lastKnownFileType = text.plist.xml; path = Info.plist; sourceTree = "<group>"; };
		CDA0DDF5206C729300195580 /* BaseSpec.swift */ = {isa = PBXFileReference; lastKnownFileType = sourcecode.swift; path = BaseSpec.swift; sourceTree = "<group>"; };
		CDA0DDF7206C733700195580 /* TodoSpec.swift */ = {isa = PBXFileReference; lastKnownFileType = sourcecode.swift; path = TodoSpec.swift; sourceTree = "<group>"; };
		DBF94D1C29BC0466EDD1E6D1 /* Pods_Mine.framework */ = {isa = PBXFileReference; explicitFileType = wrapper.framework; includeInIndex = 0; path = Pods_Mine.framework; sourceTree = BUILT_PRODUCTS_DIR; };
		F604A95E1376C529D09FCF44 /* Pods_MineTests.framework */ = {isa = PBXFileReference; explicitFileType = wrapper.framework; includeInIndex = 0; path = Pods_MineTests.framework; sourceTree = BUILT_PRODUCTS_DIR; };
		FDD6038C377A3EFC44CD1F73 /* Pods-MineTests.release.xcconfig */ = {isa = PBXFileReference; includeInIndex = 1; lastKnownFileType = text.xcconfig; name = "Pods-MineTests.release.xcconfig"; path = "Pods/Target Support Files/Pods-MineTests/Pods-MineTests.release.xcconfig"; sourceTree = "<group>"; };
/* End PBXFileReference section */

/* Begin PBXFrameworksBuildPhase section */
		CDA0DB53206C001400195580 /* Frameworks */ = {
			isa = PBXFrameworksBuildPhase;
			buildActionMask = 2147483647;
			files = (
				1078E401B414940445CBE12C /* Pods_Mine.framework in Frameworks */,
			);
			runOnlyForDeploymentPostprocessing = 0;
		};
		CDA0DDE8206C728500195580 /* Frameworks */ = {
			isa = PBXFrameworksBuildPhase;
			buildActionMask = 2147483647;
			files = (
				FFE388DC6102231590C939FF /* Pods_MineTests.framework in Frameworks */,
			);
			runOnlyForDeploymentPostprocessing = 0;
		};
/* End PBXFrameworksBuildPhase section */

/* Begin PBXGroup section */
		7D1D89F3A12BC66777A55A19 /* Frameworks */ = {
			isa = PBXGroup;
			children = (
				DBF94D1C29BC0466EDD1E6D1 /* Pods_Mine.framework */,
				F604A95E1376C529D09FCF44 /* Pods_MineTests.framework */,
			);
			name = Frameworks;
			sourceTree = "<group>";
		};
		871399A7076DDF3029A29082 /* Pods */ = {
			isa = PBXGroup;
			children = (
				6D7912E0B270B7C995122CD9 /* Pods-Mine.debug.xcconfig */,
				226EC949DECAADEA760B5016 /* Pods-Mine.release.xcconfig */,
				04A613DA6523132B6F3F742F /* Pods-MineTests.debug.xcconfig */,
				FDD6038C377A3EFC44CD1F73 /* Pods-MineTests.release.xcconfig */,
			);
			name = Pods;
			sourceTree = "<group>";
		};
		CDA0DB4D206C001400195580 = {
			isa = PBXGroup;
			children = (
				CDA0DB58206C001400195580 /* Mine */,
				CDA0DDEC206C728500195580 /* MineTests */,
				CDA0DB57206C001400195580 /* Products */,
				871399A7076DDF3029A29082 /* Pods */,
				7D1D89F3A12BC66777A55A19 /* Frameworks */,
			);
			sourceTree = "<group>";
		};
		CDA0DB57206C001400195580 /* Products */ = {
			isa = PBXGroup;
			children = (
				CDA0DB56206C001400195580 /* Mine.app */,
				CDA0DDEB206C728500195580 /* MineTests.xctest */,
			);
			name = Products;
			sourceTree = "<group>";
		};
		CDA0DB58206C001400195580 /* Mine */ = {
			isa = PBXGroup;
			children = (
				CDA0DB6B206C022400195580 /* Services */,
				CDA0DB59206C001400195580 /* AppDelegate.swift */,
				CDA0DB5B206C001400195580 /* ViewController.swift */,
				CDA0DB5D206C001400195580 /* Main.storyboard */,
				CDA0DB60206C001400195580 /* Assets.xcassets */,
				CDA0DB62206C001400195580 /* LaunchScreen.storyboard */,
				CDA0DB65206C001400195580 /* Info.plist */,
			);
			path = Mine;
			sourceTree = "<group>";
		};
		CDA0DB6B206C022400195580 /* Services */ = {
			isa = PBXGroup;
			children = (
				CDA0DB6C206C022B00195580 /* Todo */,
			);
			path = Services;
			sourceTree = "<group>";
		};
		CDA0DB6C206C022B00195580 /* Todo */ = {
			isa = PBXGroup;
			children = (
				CDA0DDAF206C0CF800195580 /* Worker */,
				CDA0DB6D206C023500195580 /* Model */,
			);
			path = Todo;
			sourceTree = "<group>";
		};
		CDA0DB6D206C023500195580 /* Model */ = {
			isa = PBXGroup;
			children = (
				CDA0DB6E206C024F00195580 /* TodoTask.swift */,
				CDA0DDAD206C090100195580 /* DailyTask.swift */,
			);
			path = Model;
			sourceTree = "<group>";
		};
		CDA0DDAF206C0CF800195580 /* Worker */ = {
			isa = PBXGroup;
			children = (
				CDA0DDB0206C0EE100195580 /* TaskWorker.swift */,
			);
			path = Worker;
			sourceTree = "<group>";
		};
		CDA0DDEC206C728500195580 /* MineTests */ = {
			isa = PBXGroup;
			children = (
				CDA0DDED206C728500195580 /* MineTests.swift */,
				CDA0DDEF206C728500195580 /* Info.plist */,
				CDA0DDF5206C729300195580 /* BaseSpec.swift */,
				CDA0DDF7206C733700195580 /* TodoSpec.swift */,
			);
			path = MineTests;
			sourceTree = "<group>";
		};
/* End PBXGroup section */

/* Begin PBXNativeTarget section */
		CDA0DB55206C001400195580 /* Mine */ = {
			isa = PBXNativeTarget;
			buildConfigurationList = CDA0DB68206C001400195580 /* Build configuration list for PBXNativeTarget "Mine" */;
			buildPhases = (
				3D59780078F5648B60378DCC /* [CP] Check Pods Manifest.lock */,
				CDA0DB52206C001400195580 /* Sources */,
				CDA0DB53206C001400195580 /* Frameworks */,
				CDA0DB54206C001400195580 /* Resources */,
				B9D29C45FDD57A0138039132 /* [CP] Embed Pods Frameworks */,
				0439A6BD704F24EBF7EA893B /* [CP] Copy Pods Resources */,
			);
			buildRules = (
			);
			dependencies = (
			);
			name = Mine;
			productName = Mine;
			productReference = CDA0DB56206C001400195580 /* Mine.app */;
			productType = "com.apple.product-type.application";
		};
		CDA0DDEA206C728500195580 /* MineTests */ = {
			isa = PBXNativeTarget;
			buildConfigurationList = CDA0DDF2206C728500195580 /* Build configuration list for PBXNativeTarget "MineTests" */;
			buildPhases = (
				4E7CE5E9DA80BEFCEF2DCB93 /* [CP] Check Pods Manifest.lock */,
				CDA0DDE7206C728500195580 /* Sources */,
				CDA0DDE8206C728500195580 /* Frameworks */,
				CDA0DDE9206C728500195580 /* Resources */,
				1EC4B05240386AC59C6606C8 /* [CP] Embed Pods Frameworks */,
				CA15EAE57E1A4F12B5B90D81 /* [CP] Copy Pods Resources */,
			);
			buildRules = (
			);
			dependencies = (
				CDA0DDF1206C728500195580 /* PBXTargetDependency */,
			);
			name = MineTests;
			productName = MineTests;
			productReference = CDA0DDEB206C728500195580 /* MineTests.xctest */;
			productType = "com.apple.product-type.bundle.unit-test";
		};
/* End PBXNativeTarget section */

/* Begin PBXProject section */
		CDA0DB4E206C001400195580 /* Project object */ = {
			isa = PBXProject;
			attributes = {
				LastSwiftUpdateCheck = 0920;
				LastUpgradeCheck = 0920;
				ORGANIZATIONNAME = "Luu Dinh Van";
				TargetAttributes = {
					CDA0DB55206C001400195580 = {
						CreatedOnToolsVersion = 9.2;
						ProvisioningStyle = Automatic;
					};
					CDA0DDEA206C728500195580 = {
						CreatedOnToolsVersion = 9.2;
						ProvisioningStyle = Automatic;
						TestTargetID = CDA0DB55206C001400195580;
					};
				};
			};
			buildConfigurationList = CDA0DB51206C001400195580 /* Build configuration list for PBXProject "Mine" */;
			compatibilityVersion = "Xcode 8.0";
			developmentRegion = en;
			hasScannedForEncodings = 0;
			knownRegions = (
				en,
				Base,
			);
			mainGroup = CDA0DB4D206C001400195580;
			productRefGroup = CDA0DB57206C001400195580 /* Products */;
			projectDirPath = "";
			projectRoot = "";
			targets = (
				CDA0DB55206C001400195580 /* Mine */,
				CDA0DDEA206C728500195580 /* MineTests */,
			);
		};
/* End PBXProject section */

/* Begin PBXResourcesBuildPhase section */
		CDA0DB54206C001400195580 /* Resources */ = {
			isa = PBXResourcesBuildPhase;
			buildActionMask = 2147483647;
			files = (
				CDA0DB64206C001400195580 /* LaunchScreen.storyboard in Resources */,
				CDA0DB61206C001400195580 /* Assets.xcassets in Resources */,
				CDA0DB5F206C001400195580 /* Main.storyboard in Resources */,
			);
			runOnlyForDeploymentPostprocessing = 0;
		};
		CDA0DDE9206C728500195580 /* Resources */ = {
			isa = PBXResourcesBuildPhase;
			buildActionMask = 2147483647;
			files = (
			);
			runOnlyForDeploymentPostprocessing = 0;
		};
/* End PBXResourcesBuildPhase section */

/* Begin PBXShellScriptBuildPhase section */
		0439A6BD704F24EBF7EA893B /* [CP] Copy Pods Resources */ = {
			isa = PBXShellScriptBuildPhase;
			buildActionMask = 2147483647;
			files = (
			);
			inputPaths = (
			);
			name = "[CP] Copy Pods Resources";
			outputPaths = (
			);
			runOnlyForDeploymentPostprocessing = 0;
			shellPath = /bin/sh;
			shellScript = "\"${SRCROOT}/Pods/Target Support Files/Pods-Mine/Pods-Mine-resources.sh\"\n";
			showEnvVarsInLog = 0;
		};
		1EC4B05240386AC59C6606C8 /* [CP] Embed Pods Frameworks */ = {
			isa = PBXShellScriptBuildPhase;
			buildActionMask = 2147483647;
			files = (
			);
			inputPaths = (
			);
			name = "[CP] Embed Pods Frameworks";
			outputPaths = (
			);
			runOnlyForDeploymentPostprocessing = 0;
			shellPath = /bin/sh;
			shellScript = "\"${SRCROOT}/Pods/Target Support Files/Pods-MineTests/Pods-MineTests-frameworks.sh\"\n";
			showEnvVarsInLog = 0;
		};
		3D59780078F5648B60378DCC /* [CP] Check Pods Manifest.lock */ = {
			isa = PBXShellScriptBuildPhase;
			buildActionMask = 2147483647;
			files = (
			);
			inputPaths = (
			);
			name = "[CP] Check Pods Manifest.lock";
			outputPaths = (
			);
			runOnlyForDeploymentPostprocessing = 0;
			shellPath = /bin/sh;
			shellScript = "diff \"${PODS_ROOT}/../Podfile.lock\" \"${PODS_ROOT}/Manifest.lock\" > /dev/null\nif [ $? != 0 ] ; then\n    # print error to STDERR\n    echo \"error: The sandbox is not in sync with the Podfile.lock. Run 'pod install' or update your CocoaPods installation.\" >&2\n    exit 1\nfi\n";
			showEnvVarsInLog = 0;
		};
		4E7CE5E9DA80BEFCEF2DCB93 /* [CP] Check Pods Manifest.lock */ = {
			isa = PBXShellScriptBuildPhase;
			buildActionMask = 2147483647;
			files = (
			);
			inputPaths = (
			);
			name = "[CP] Check Pods Manifest.lock";
			outputPaths = (
			);
			runOnlyForDeploymentPostprocessing = 0;
			shellPath = /bin/sh;
			shellScript = "diff \"${PODS_ROOT}/../Podfile.lock\" \"${PODS_ROOT}/Manifest.lock\" > /dev/null\nif [ $? != 0 ] ; then\n    # print error to STDERR\n    echo \"error: The sandbox is not in sync with the Podfile.lock. Run 'pod install' or update your CocoaPods installation.\" >&2\n    exit 1\nfi\n";
			showEnvVarsInLog = 0;
		};
		B9D29C45FDD57A0138039132 /* [CP] Embed Pods Frameworks */ = {
			isa = PBXShellScriptBuildPhase;
			buildActionMask = 2147483647;
			files = (
			);
			inputPaths = (
			);
			name = "[CP] Embed Pods Frameworks";
			outputPaths = (
			);
			runOnlyForDeploymentPostprocessing = 0;
			shellPath = /bin/sh;
			shellScript = "\"${SRCROOT}/Pods/Target Support Files/Pods-Mine/Pods-Mine-frameworks.sh\"\n";
			showEnvVarsInLog = 0;
		};
		CA15EAE57E1A4F12B5B90D81 /* [CP] Copy Pods Resources */ = {
			isa = PBXShellScriptBuildPhase;
			buildActionMask = 2147483647;
			files = (
			);
			inputPaths = (
			);
			name = "[CP] Copy Pods Resources";
			outputPaths = (
			);
			runOnlyForDeploymentPostprocessing = 0;
			shellPath = /bin/sh;
			shellScript = "\"${SRCROOT}/Pods/Target Support Files/Pods-MineTests/Pods-MineTests-resources.sh\"\n";
			showEnvVarsInLog = 0;
		};
/* End PBXShellScriptBuildPhase section */

/* Begin PBXSourcesBuildPhase section */
		CDA0DB52206C001400195580 /* Sources */ = {
			isa = PBXSourcesBuildPhase;
			buildActionMask = 2147483647;
			files = (
				CDA0DDB1206C0EE100195580 /* TaskWorker.swift in Sources */,
				CDA0DDAE206C090100195580 /* DailyTask.swift in Sources */,
				CDA0DB5C206C001400195580 /* ViewController.swift in Sources */,
				CDA0DB5A206C001400195580 /* AppDelegate.swift in Sources */,
			);
			runOnlyForDeploymentPostprocessing = 0;
		};
		CDA0DDE7206C728500195580 /* Sources */ = {
			isa = PBXSourcesBuildPhase;
			buildActionMask = 2147483647;
			files = (
				CDA0DDFC206C73AF00195580 /* TaskWorker.swift in Sources */,
				CDA0DDFF206DC2D200195580 /* TodoTask.swift in Sources */,
				CDA0DDEE206C728500195580 /* MineTests.swift in Sources */,
				CDA0DDF8206C733700195580 /* TodoSpec.swift in Sources */,
				CDA0DDF6206C729300195580 /* BaseSpec.swift in Sources */,
			);
			runOnlyForDeploymentPostprocessing = 0;
		};
/* End PBXSourcesBuildPhase section */

/* Begin PBXTargetDependency section */
		CDA0DDF1206C728500195580 /* PBXTargetDependency */ = {
			isa = PBXTargetDependency;
			target = CDA0DB55206C001400195580 /* Mine */;
			targetProxy = CDA0DDF0206C728500195580 /* PBXContainerItemProxy */;
		};
/* End PBXTargetDependency section */

/* Begin PBXVariantGroup section */
		CDA0DB5D206C001400195580 /* Main.storyboard */ = {
			isa = PBXVariantGroup;
			children = (
				CDA0DB5E206C001400195580 /* Base */,
			);
			name = Main.storyboard;
			sourceTree = "<group>";
		};
		CDA0DB62206C001400195580 /* LaunchScreen.storyboard */ = {
			isa = PBXVariantGroup;
			children = (
				CDA0DB63206C001400195580 /* Base */,
			);
			name = LaunchScreen.storyboard;
			sourceTree = "<group>";
		};
/* End PBXVariantGroup section */

/* Begin XCBuildConfiguration section */
		CDA0DB66206C001400195580 /* Debug */ = {
			isa = XCBuildConfiguration;
			buildSettings = {
				ALWAYS_SEARCH_USER_PATHS = NO;
				CLANG_ANALYZER_NONNULL = YES;
				CLANG_ANALYZER_NUMBER_OBJECT_CONVERSION = YES_AGGRESSIVE;
				CLANG_CXX_LANGUAGE_STANDARD = "gnu++14";
				CLANG_CXX_LIBRARY = "libc++";
				CLANG_ENABLE_MODULES = YES;
				CLANG_ENABLE_OBJC_ARC = YES;
				CLANG_WARN_BLOCK_CAPTURE_AUTORELEASING = YES;
				CLANG_WARN_BOOL_CONVERSION = YES;
				CLANG_WARN_COMMA = YES;
				CLANG_WARN_CONSTANT_CONVERSION = YES;
				CLANG_WARN_DIRECT_OBJC_ISA_USAGE = YES_ERROR;
				CLANG_WARN_DOCUMENTATION_COMMENTS = YES;
				CLANG_WARN_EMPTY_BODY = YES;
				CLANG_WARN_ENUM_CONVERSION = YES;
				CLANG_WARN_INFINITE_RECURSION = YES;
				CLANG_WARN_INT_CONVERSION = YES;
				CLANG_WARN_NON_LITERAL_NULL_CONVERSION = YES;
				CLANG_WARN_OBJC_LITERAL_CONVERSION = YES;
				CLANG_WARN_OBJC_ROOT_CLASS = YES_ERROR;
				CLANG_WARN_RANGE_LOOP_ANALYSIS = YES;
				CLANG_WARN_STRICT_PROTOTYPES = YES;
				CLANG_WARN_SUSPICIOUS_MOVE = YES;
				CLANG_WARN_UNGUARDED_AVAILABILITY = YES_AGGRESSIVE;
				CLANG_WARN_UNREACHABLE_CODE = YES;
				CLANG_WARN__DUPLICATE_METHOD_MATCH = YES;
				CODE_SIGN_IDENTITY = "iPhone Developer";
				COPY_PHASE_STRIP = NO;
				DEBUG_INFORMATION_FORMAT = dwarf;
				ENABLE_STRICT_OBJC_MSGSEND = YES;
				ENABLE_TESTABILITY = YES;
				"FRAMEWORK_SEARCH_PATHS[arch=*]" = "$(SRCROOT)";
				GCC_C_LANGUAGE_STANDARD = gnu11;
				GCC_DYNAMIC_NO_PIC = NO;
				GCC_NO_COMMON_BLOCKS = YES;
				GCC_OPTIMIZATION_LEVEL = 0;
				GCC_PREPROCESSOR_DEFINITIONS = (
					"DEBUG=1",
					"$(inherited)",
				);
				GCC_WARN_64_TO_32_BIT_CONVERSION = YES;
				GCC_WARN_ABOUT_RETURN_TYPE = YES_ERROR;
				GCC_WARN_UNDECLARED_SELECTOR = YES;
				GCC_WARN_UNINITIALIZED_AUTOS = YES_AGGRESSIVE;
				GCC_WARN_UNUSED_FUNCTION = YES;
				GCC_WARN_UNUSED_VARIABLE = YES;
				IPHONEOS_DEPLOYMENT_TARGET = 11.2;
				MTL_ENABLE_DEBUG_INFO = YES;
				ONLY_ACTIVE_ARCH = YES;
				SDKROOT = iphoneos;
				SWIFT_ACTIVE_COMPILATION_CONDITIONS = DEBUG;
				SWIFT_OPTIMIZATION_LEVEL = "-Onone";
			};
			name = Debug;
		};
		CDA0DB67206C001400195580 /* Release */ = {
			isa = XCBuildConfiguration;
			buildSettings = {
				ALWAYS_SEARCH_USER_PATHS = NO;
				CLANG_ANALYZER_NONNULL = YES;
				CLANG_ANALYZER_NUMBER_OBJECT_CONVERSION = YES_AGGRESSIVE;
				CLANG_CXX_LANGUAGE_STANDARD = "gnu++14";
				CLANG_CXX_LIBRARY = "libc++";
				CLANG_ENABLE_MODULES = YES;
				CLANG_ENABLE_OBJC_ARC = YES;
				CLANG_WARN_BLOCK_CAPTURE_AUTORELEASING = YES;
				CLANG_WARN_BOOL_CONVERSION = YES;
				CLANG_WARN_COMMA = YES;
				CLANG_WARN_CONSTANT_CONVERSION = YES;
				CLANG_WARN_DIRECT_OBJC_ISA_USAGE = YES_ERROR;
				CLANG_WARN_DOCUMENTATION_COMMENTS = YES;
				CLANG_WARN_EMPTY_BODY = YES;
				CLANG_WARN_ENUM_CONVERSION = YES;
				CLANG_WARN_INFINITE_RECURSION = YES;
				CLANG_WARN_INT_CONVERSION = YES;
				CLANG_WARN_NON_LITERAL_NULL_CONVERSION = YES;
				CLANG_WARN_OBJC_LITERAL_CONVERSION = YES;
				CLANG_WARN_OBJC_ROOT_CLASS = YES_ERROR;
				CLANG_WARN_RANGE_LOOP_ANALYSIS = YES;
				CLANG_WARN_STRICT_PROTOTYPES = YES;
				CLANG_WARN_SUSPICIOUS_MOVE = YES;
				CLANG_WARN_UNGUARDED_AVAILABILITY = YES_AGGRESSIVE;
				CLANG_WARN_UNREACHABLE_CODE = YES;
				CLANG_WARN__DUPLICATE_METHOD_MATCH = YES;
				CODE_SIGN_IDENTITY = "iPhone Developer";
				COPY_PHASE_STRIP = NO;
				DEBUG_INFORMATION_FORMAT = "dwarf-with-dsym";
				ENABLE_NS_ASSERTIONS = NO;
				ENABLE_STRICT_OBJC_MSGSEND = YES;
				GCC_C_LANGUAGE_STANDARD = gnu11;
				GCC_NO_COMMON_BLOCKS = YES;
				GCC_WARN_64_TO_32_BIT_CONVERSION = YES;
				GCC_WARN_ABOUT_RETURN_TYPE = YES_ERROR;
				GCC_WARN_UNDECLARED_SELECTOR = YES;
				GCC_WARN_UNINITIALIZED_AUTOS = YES_AGGRESSIVE;
				GCC_WARN_UNUSED_FUNCTION = YES;
				GCC_WARN_UNUSED_VARIABLE = YES;
				IPHONEOS_DEPLOYMENT_TARGET = 11.2;
				MTL_ENABLE_DEBUG_INFO = NO;
				SDKROOT = iphoneos;
				SWIFT_OPTIMIZATION_LEVEL = "-Owholemodule";
				VALIDATE_PRODUCT = YES;
			};
			name = Release;
		};
		CDA0DB69206C001400195580 /* Debug */ = {
			isa = XCBuildConfiguration;
			baseConfigurationReference = 6D7912E0B270B7C995122CD9 /* Pods-Mine.debug.xcconfig */;
			buildSettings = {
				ALWAYS_EMBED_SWIFT_STANDARD_LIBRARIES = YES;
				ASSETCATALOG_COMPILER_APPICON_NAME = AppIcon;
				CODE_SIGN_STYLE = Automatic;
				DEVELOPMENT_TEAM = 6T98W5TB24;
				FRAMEWORK_SEARCH_PATHS = (
					"$(inherited)",
					"\"$(inferited)\"/**",
					"\"$(SRCROOT)\"/**",
				);
				INFOPLIST_FILE = Mine/Info.plist;
				LD_RUNPATH_SEARCH_PATHS = "$(inherited) @executable_path/Frameworks";
				LIBRARY_SEARCH_PATHS = (
					"$(inherited)",
					"$(PROJECT_DIR)/Pods/Realm/core",
				);
				PRODUCT_BUNDLE_IDENTIFIER = luudvan.Mine;
				PRODUCT_NAME = "$(TARGET_NAME)";
				SWIFT_VERSION = 4.0;
				TARGETED_DEVICE_FAMILY = "1,2";
			};
			name = Debug;
		};
		CDA0DB6A206C001400195580 /* Release */ = {
			isa = XCBuildConfiguration;
			baseConfigurationReference = 226EC949DECAADEA760B5016 /* Pods-Mine.release.xcconfig */;
			buildSettings = {
				ALWAYS_EMBED_SWIFT_STANDARD_LIBRARIES = YES;
				ASSETCATALOG_COMPILER_APPICON_NAME = AppIcon;
				CODE_SIGN_STYLE = Automatic;
				DEVELOPMENT_TEAM = 6T98W5TB24;
				INFOPLIST_FILE = Mine/Info.plist;
				LD_RUNPATH_SEARCH_PATHS = "$(inherited) @executable_path/Frameworks";
				LIBRARY_SEARCH_PATHS = (
					"$(inherited)",
					"$(PROJECT_DIR)/Pods/Realm/core",
				);
				PRODUCT_BUNDLE_IDENTIFIER = luudvan.Mine;
				PRODUCT_NAME = "$(TARGET_NAME)";
				SWIFT_VERSION = 4.0;
				TARGETED_DEVICE_FAMILY = "1,2";
			};
			name = Release;
		};
		CDA0DDF3206C728500195580 /* Debug */ = {
			isa = XCBuildConfiguration;
			baseConfigurationReference = 04A613DA6523132B6F3F742F /* Pods-MineTests.debug.xcconfig */;
			buildSettings = {
				ALWAYS_EMBED_SWIFT_STANDARD_LIBRARIES = YES;
				BUNDLE_LOADER = "$(TEST_HOST)";
				CODE_SIGN_STYLE = Automatic;
				DEVELOPMENT_TEAM = 6T98W5TB24;
				INFOPLIST_FILE = MineTests/Info.plist;
				LD_RUNPATH_SEARCH_PATHS = "$(inherited) @executable_path/Frameworks @loader_path/Frameworks";
				PRODUCT_BUNDLE_IDENTIFIER = luudvan.MineTests;
				PRODUCT_NAME = "$(TARGET_NAME)";
				SWIFT_VERSION = 4.0;
				TARGETED_DEVICE_FAMILY = "1,2";
				TEST_HOST = "$(BUILT_PRODUCTS_DIR)/Mine.app/Mine";
			};
			name = Debug;
		};
		CDA0DDF4206C728500195580 /* Release */ = {
			isa = XCBuildConfiguration;
			baseConfigurationReference = FDD6038C377A3EFC44CD1F73 /* Pods-MineTests.release.xcconfig */;
			buildSettings = {
				ALWAYS_EMBED_SWIFT_STANDARD_LIBRARIES = YES;
				BUNDLE_LOADER = "$(TEST_HOST)";
				CODE_SIGN_STYLE = Automatic;
				DEVELOPMENT_TEAM = 6T98W5TB24;
				INFOPLIST_FILE = MineTests/Info.plist;
				LD_RUNPATH_SEARCH_PATHS = "$(inherited) @executable_path/Frameworks @loader_path/Frameworks";
				PRODUCT_BUNDLE_IDENTIFIER = luudvan.MineTests;
				PRODUCT_NAME = "$(TARGET_NAME)";
				SWIFT_VERSION = 4.0;
				TARGETED_DEVICE_FAMILY = "1,2";
				TEST_HOST = "$(BUILT_PRODUCTS_DIR)/Mine.app/Mine";
			};
			name = Release;
		};
/* End XCBuildConfiguration section */

/* Begin XCConfigurationList section */
		CDA0DB51206C001400195580 /* Build configuration list for PBXProject "Mine" */ = {
			isa = XCConfigurationList;
			buildConfigurations = (
				CDA0DB66206C001400195580 /* Debug */,
				CDA0DB67206C001400195580 /* Release */,
			);
			defaultConfigurationIsVisible = 0;
			defaultConfigurationName = Release;
		};
		CDA0DB68206C001400195580 /* Build configuration list for PBXNativeTarget "Mine" */ = {
			isa = XCConfigurationList;
			buildConfigurations = (
				CDA0DB69206C001400195580 /* Debug */,
				CDA0DB6A206C001400195580 /* Release */,
			);
			defaultConfigurationIsVisible = 0;
			defaultConfigurationName = Release;
		};
		CDA0DDF2206C728500195580 /* Build configuration list for PBXNativeTarget "MineTests" */ = {
			isa = XCConfigurationList;
			buildConfigurations = (
				CDA0DDF3206C728500195580 /* Debug */,
				CDA0DDF4206C728500195580 /* Release */,
			);
			defaultConfigurationIsVisible = 0;
			defaultConfigurationName = Release;
		};
/* End XCConfigurationList section */
	};
	rootObject = CDA0DB4E206C001400195580 /* Project object */;
}
